
Microsoft Visual Studio Solution File, Format Version 12.00
# Visual Studio Version 17
VisualStudioVersion = 17.5.002.0
MinimumVisualStudioVersion = 10.0.40219.1
Project("{9A19103F-16F7-4668-BE54-9A1E7A4F7556}") = "DSAConsoleApplication", "DSAConsoleApplication.csproj", "{1530C510-5ECB-43E2-8AE2-8C443830EF45}"
EndProject
Global
	GlobalSection(SolutionConfigurationPlatforms) = preSolution
		Debug|Any CPU = Debug|Any CPU
		Release|Any CPU = Release|Any CPU
	EndGlobalSection
	GlobalSection(ProjectConfigurationPlatforms) = postSolution
		{1530C510-5ECB-43E2-8AE2-8C443830EF45}.Debug|Any CPU.ActiveCfg = Debug|Any CPU
		{1530C510-5ECB-43E2-8AE2-8C443830EF45}.Debug|Any CPU.Build.0 = Debug|Any CPU
		{1530C510-5ECB-43E2-8AE2-8C443830EF45}.Release|Any CPU.ActiveCfg = Release|Any CPU
		{1530C510-5ECB-43E2-8AE2-8C443830EF45}.Release|Any CPU.Build.0 = Release|Any CPU
	EndGlobalSection
	GlobalSection(SolutionProperties) = preSolution
		HideSolutionNode = FALSE
	EndGlobalSection
	GlobalSection(ExtensibilityGlobals) = postSolution
		SolutionGuid = {75014E2A-5202-4900-808E-AEBF7082AA69}
	EndGlobalSection
EndGlobal
